{
  "object": {
    "pins": [
      {
        "package": "ViewInspector",
        "repositoryURL": "https://github.com/nalexn/ViewInspector.git",
        "state": {
          "branch": null,
          "revision": "7a672b0a4c730d829ace40918bd65c21c2f356d9",
          "version": "0.4.0"
        }
      }
    ]
  },
  "version": 1
}
